// !$*UTF8*$!
{
	archiveVersion = 1;
	classes = {
	};
	objectVersion = 46;
	objects = {

/* Begin PBXBuildFile section */
		960A609C1CFED18100878204 /* VCLogManagement.m in Sources */ = {isa = PBXBuildFile; fileRef = 960A609B1CFED18100878204 /* VCLogManagement.m */; };
		960A60A21CFEE55600878204 /* ServerConfig.plist in Resources */ = {isa = PBXBuildFile; fileRef = 960A60A11CFEE55600878204 /* ServerConfig.plist */; };
		9658DDDA1CF8199D007CB1CF /* main.m in Sources */ = {isa = PBXBuildFile; fileRef = 9658DDD91CF8199D007CB1CF /* main.m */; };
		9658DDDD1CF8199D007CB1CF /* AppDelegate.m in Sources */ = {isa = PBXBuildFile; fileRef = 9658DDDC1CF8199D007CB1CF /* AppDelegate.m */; };
		9658DDE01CF8199D007CB1CF /* ViewController.m in Sources */ = {isa = PBXBuildFile; fileRef = 9658DDDF1CF8199D007CB1CF /* ViewController.m */; };
		9658DDE31CF8199E007CB1CF /* Main.storyboard in Resources */ = {isa = PBXBuildFile; fileRef = 9658DDE11CF8199E007CB1CF /* Main.storyboard */; };
		9658DDE51CF8199E007CB1CF /* Assets.xcassets in Resources */ = {isa = PBXBuildFile; fileRef = 9658DDE41CF8199E007CB1CF /* Assets.xcassets */; };
		9658DDE81CF8199E007CB1CF /* LaunchScreen.storyboard in Resources */ = {isa = PBXBuildFile; fileRef = 9658DDE61CF8199E007CB1CF /* LaunchScreen.storyboard */; };
		9658DE091CF844BB007CB1CF /* (null) in Resources */ = {isa = PBXBuildFile; };
		9658DE181CF8471A007CB1CF /* AsyncSocket.m in Sources */ = {isa = PBXBuildFile; fileRef = 9658DE171CF8471A007CB1CF /* AsyncSocket.m */; };
		9658DE281CF8483D007CB1CF /* AFHTTPSessionManager.m in Sources */ = {isa = PBXBuildFile; fileRef = 9658DE1C1CF8483D007CB1CF /* AFHTTPSessionManager.m */; };
		9658DE291CF8483D007CB1CF /* AFNetworkReachabilityManager.m in Sources */ = {isa = PBXBuildFile; fileRef = 9658DE1F1CF8483D007CB1CF /* AFNetworkReachabilityManager.m */; };
		9658DE2A1CF8483D007CB1CF /* AFSecurityPolicy.m in Sources */ = {isa = PBXBuildFile; fileRef = 9658DE211CF8483D007CB1CF /* AFSecurityPolicy.m */; };
		9658DE2B1CF8483D007CB1CF /* AFURLRequestSerialization.m in Sources */ = {isa = PBXBuildFile; fileRef = 9658DE231CF8483D007CB1CF /* AFURLRequestSerialization.m */; };
		9658DE2C1CF8483D007CB1CF /* AFURLResponseSerialization.m in Sources */ = {isa = PBXBuildFile; fileRef = 9658DE251CF8483D007CB1CF /* AFURLResponseSerialization.m */; };
		9658DE2D1CF8483D007CB1CF /* AFURLSessionManager.m in Sources */ = {isa = PBXBuildFile; fileRef = 9658DE271CF8483D007CB1CF /* AFURLSessionManager.m */; };
		9658DE311CF84BFA007CB1CF /* VCSocketManagerModule.m in Sources */ = {isa = PBXBuildFile; fileRef = 9658DE301CF84BFA007CB1CF /* VCSocketManagerModule.m */; };
		9658DE341CF84CC5007CB1CF /* DispatchManagerModule.m in Sources */ = {isa = PBXBuildFile; fileRef = 9658DE331CF84CC5007CB1CF /* DispatchManagerModule.m */; };
		9658DE3E1CFBE300007CB1CF /* ServiceParserModule.m in Sources */ = {isa = PBXBuildFile; fileRef = 9658DE3D1CFBE300007CB1CF /* ServiceParserModule.m */; };
		9658DE421CFBE3B2007CB1CF /* ServiceDataItemModule.m in Sources */ = {isa = PBXBuildFile; fileRef = 9658DE411CFBE3B2007CB1CF /* ServiceDataItemModule.m */; };
		9658DE461CFBE928007CB1CF /* ServiceDataInterface.m in Sources */ = {isa = PBXBuildFile; fileRef = 9658DE451CFBE928007CB1CF /* ServiceDataInterface.m */; };
		9658DE491CFC0CA3007CB1CF /* ServiceUtil.m in Sources */ = {isa = PBXBuildFile; fileRef = 9658DE481CFC0CA3007CB1CF /* ServiceUtil.m */; };
		9658DE4C1CFD646A007CB1CF /* ServiceContext.m in Sources */ = {isa = PBXBuildFile; fileRef = 9658DE4B1CFD646A007CB1CF /* ServiceContext.m */; };
		9658DE501CFD7391007CB1CF /* SSKeychain.m in Sources */ = {isa = PBXBuildFile; fileRef = 9658DE4F1CFD7391007CB1CF /* SSKeychain.m */; };
		9658DE531CFD73CF007CB1CF /* TestViewController.m in Sources */ = {isa = PBXBuildFile; fileRef = 9658DE521CFD73CF007CB1CF /* TestViewController.m */; };
/* End PBXBuildFile section */

/* Begin PBXFileReference section */
		960A609A1CFED18100878204 /* VCLogManagement.h */ = {isa = PBXFileReference; fileEncoding = 4; lastKnownFileType = sourcecode.c.h; name = VCLogManagement.h; path = ThirtyParty/LogManager/VCLogManagement.h; sourceTree = "<group>"; };
		960A609B1CFED18100878204 /* VCLogManagement.m */ = {isa = PBXFileReference; fileEncoding = 4; lastKnownFileType = sourcecode.c.objc; name = VCLogManagement.m; path = ThirtyParty/LogManager/VCLogManagement.m; sourceTree = "<group>"; };
		960A609E1CFED2CC00878204 /* PrinceSon.pch */ = {isa = PBXFileReference; lastKnownFileType = sourcecode.c.h; path = PrinceSon.pch; sourceTree = "<group>"; };
		960A60A11CFEE55600878204 /* ServerConfig.plist */ = {isa = PBXFileReference; fileEncoding = 4; lastKnownFileType = text.plist.xml; name = ServerConfig.plist; path = Source/Configure/ServerConfig.plist; sourceTree = "<group>"; };
		9658DDD51CF8199C007CB1CF /* PrinceSon.app */ = {isa = PBXFileReference; explicitFileType = wrapper.application; includeInIndex = 0; path = PrinceSon.app; sourceTree = BUILT_PRODUCTS_DIR; };
		9658DDD91CF8199D007CB1CF /* main.m */ = {isa = PBXFileReference; lastKnownFileType = sourcecode.c.objc; path = main.m; sourceTree = "<group>"; };
		9658DDDB1CF8199D007CB1CF /* AppDelegate.h */ = {isa = PBXFileReference; lastKnownFileType = sourcecode.c.h; path = AppDelegate.h; sourceTree = "<group>"; };
		9658DDDC1CF8199D007CB1CF /* AppDelegate.m */ = {isa = PBXFileReference; lastKnownFileType = sourcecode.c.objc; path = AppDelegate.m; sourceTree = "<group>"; };
		9658DDDE1CF8199D007CB1CF /* ViewController.h */ = {isa = PBXFileReference; lastKnownFileType = sourcecode.c.h; path = ViewController.h; sourceTree = "<group>"; };
		9658DDDF1CF8199D007CB1CF /* ViewController.m */ = {isa = PBXFileReference; lastKnownFileType = sourcecode.c.objc; path = ViewController.m; sourceTree = "<group>"; };
		9658DDE21CF8199E007CB1CF /* Base */ = {isa = PBXFileReference; lastKnownFileType = file.storyboard; name = Base; path = Base.lproj/Main.storyboard; sourceTree = "<group>"; };
		9658DDE41CF8199E007CB1CF /* Assets.xcassets */ = {isa = PBXFileReference; lastKnownFileType = folder.assetcatalog; path = Assets.xcassets; sourceTree = "<group>"; };
		9658DDE71CF8199E007CB1CF /* Base */ = {isa = PBXFileReference; lastKnownFileType = file.storyboard; name = Base; path = Base.lproj/LaunchScreen.storyboard; sourceTree = "<group>"; };
		9658DDE91CF8199E007CB1CF /* Info.plist */ = {isa = PBXFileReference; lastKnownFileType = text.plist.xml; path = Info.plist; sourceTree = "<group>"; };
		9658DE161CF8471A007CB1CF /* AsyncSocket.h */ = {isa = PBXFileReference; fileEncoding = 4; lastKnownFileType = sourcecode.c.h; name = AsyncSocket.h; path = Servicelayer/Socket/AsyncSocket.h; sourceTree = "<group>"; };
		9658DE171CF8471A007CB1CF /* AsyncSocket.m */ = {isa = PBXFileReference; fileEncoding = 4; lastKnownFileType = sourcecode.c.objc; name = AsyncSocket.m; path = Servicelayer/Socket/AsyncSocket.m; sourceTree = "<group>"; };
		9658DE1B1CF8483D007CB1CF /* AFHTTPSessionManager.h */ = {isa = PBXFileReference; fileEncoding = 4; lastKnownFileType = sourcecode.c.h; name = AFHTTPSessionManager.h; path = ThirtyParty/AFNetWorking/AFHTTPSessionManager.h; sourceTree = "<group>"; };
		9658DE1C1CF8483D007CB1CF /* AFHTTPSessionManager.m */ = {isa = PBXFileReference; fileEncoding = 4; lastKnownFileType = sourcecode.c.objc; name = AFHTTPSessionManager.m; path = ThirtyParty/AFNetWorking/AFHTTPSessionManager.m; sourceTree = "<group>"; };
		9658DE1D1CF8483D007CB1CF /* AFNetworking.h */ = {isa = PBXFileReference; fileEncoding = 4; lastKnownFileType = sourcecode.c.h; name = AFNetworking.h; path = ThirtyParty/AFNetWorking/AFNetworking.h; sourceTree = "<group>"; };
		9658DE1E1CF8483D007CB1CF /* AFNetworkReachabilityManager.h */ = {isa = PBXFileReference; fileEncoding = 4; lastKnownFileType = sourcecode.c.h; name = AFNetworkReachabilityManager.h; path = ThirtyParty/AFNetWorking/AFNetworkReachabilityManager.h; sourceTree = "<group>"; };
		9658DE1F1CF8483D007CB1CF /* AFNetworkReachabilityManager.m */ = {isa = PBXFileReference; fileEncoding = 4; lastKnownFileType = sourcecode.c.objc; name = AFNetworkReachabilityManager.m; path = ThirtyParty/AFNetWorking/AFNetworkReachabilityManager.m; sourceTree = "<group>"; };
		9658DE201CF8483D007CB1CF /* AFSecurityPolicy.h */ = {isa = PBXFileReference; fileEncoding = 4; lastKnownFileType = sourcecode.c.h; name = AFSecurityPolicy.h; path = ThirtyParty/AFNetWorking/AFSecurityPolicy.h; sourceTree = "<group>"; };
		9658DE211CF8483D007CB1CF /* AFSecurityPolicy.m */ = {isa = PBXFileReference; fileEncoding = 4; lastKnownFileType = sourcecode.c.objc; name = AFSecurityPolicy.m; path = ThirtyParty/AFNetWorking/AFSecurityPolicy.m; sourceTree = "<group>"; };
		9658DE221CF8483D007CB1CF /* AFURLRequestSerialization.h */ = {isa = PBXFileReference; fileEncoding = 4; lastKnownFileType = sourcecode.c.h; name = AFURLRequestSerialization.h; path = ThirtyParty/AFNetWorking/AFURLRequestSerialization.h; sourceTree = "<group>"; };
		9658DE231CF8483D007CB1CF /* AFURLRequestSerialization.m */ = {isa = PBXFileReference; fileEncoding = 4; lastKnownFileType = sourcecode.c.objc; name = AFURLRequestSerialization.m; path = ThirtyParty/AFNetWorking/AFURLRequestSerialization.m; sourceTree = "<group>"; };
		9658DE241CF8483D007CB1CF /* AFURLResponseSerialization.h */ = {isa = PBXFileReference; fileEncoding = 4; lastKnownFileType = sourcecode.c.h; name = AFURLResponseSerialization.h; path = ThirtyParty/AFNetWorking/AFURLResponseSerialization.h; sourceTree = "<group>"; };
		9658DE251CF8483D007CB1CF /* AFURLResponseSerialization.m */ = {isa = PBXFileReference; fileEncoding = 4; lastKnownFileType = sourcecode.c.objc; name = AFURLResponseSerialization.m; path = ThirtyParty/AFNetWorking/AFURLResponseSerialization.m; sourceTree = "<group>"; };
		9658DE261CF8483D007CB1CF /* AFURLSessionManager.h */ = {isa = PBXFileReference; fileEncoding = 4; lastKnownFileType = sourcecode.c.h; name = AFURLSessionManager.h; path = ThirtyParty/AFNetWorking/AFURLSessionManager.h; sourceTree = "<group>"; };
		9658DE271CF8483D007CB1CF /* AFURLSessionManager.m */ = {isa = PBXFileReference; fileEncoding = 4; lastKnownFileType = sourcecode.c.objc; name = AFURLSessionManager.m; path = ThirtyParty/AFNetWorking/AFURLSessionManager.m; sourceTree = "<group>"; };
		9658DE2F1CF84BFA007CB1CF /* VCSocketManagerModule.h */ = {isa = PBXFileReference; fileEncoding = 4; lastKnownFileType = sourcecode.c.h; name = VCSocketManagerModule.h; path = Servicelayer/SocketModule/VCSocketManagerModule.h; sourceTree = "<group>"; };
		9658DE301CF84BFA007CB1CF /* VCSocketManagerModule.m */ = {isa = PBXFileReference; fileEncoding = 4; lastKnownFileType = sourcecode.c.objc; name = VCSocketManagerModule.m; path = Servicelayer/SocketModule/VCSocketManagerModule.m; sourceTree = "<group>"; };
		9658DE321CF84CC5007CB1CF /* DispatchManagerModule.h */ = {isa = PBXFileReference; fileEncoding = 4; lastKnownFileType = sourcecode.c.h; name = DispatchManagerModule.h; path = Servicelayer/DispatchManagerModule/DispatchManagerModule.h; sourceTree = "<group>"; };
		9658DE331CF84CC5007CB1CF /* DispatchManagerModule.m */ = {isa = PBXFileReference; fileEncoding = 4; lastKnownFileType = sourcecode.c.objc; name = DispatchManagerModule.m; path = Servicelayer/DispatchManagerModule/DispatchManagerModule.m; sourceTree = "<group>"; };
		9658DE3C1CFBE300007CB1CF /* ServiceParserModule.h */ = {isa = PBXFileReference; fileEncoding = 4; lastKnownFileType = sourcecode.c.h; name = ServiceParserModule.h; path = Servicelayer/ParseModule/ServiceParserModule.h; sourceTree = "<group>"; };
		9658DE3D1CFBE300007CB1CF /* ServiceParserModule.m */ = {isa = PBXFileReference; fileEncoding = 4; lastKnownFileType = sourcecode.c.objc; name = ServiceParserModule.m; path = Servicelayer/ParseModule/ServiceParserModule.m; sourceTree = "<group>"; };
		9658DE401CFBE3B2007CB1CF /* ServiceDataItemModule.h */ = {isa = PBXFileReference; fileEncoding = 4; lastKnownFileType = sourcecode.c.h; name = ServiceDataItemModule.h; path = Servicelayer/DataItem/ServiceDataItemModule.h; sourceTree = "<group>"; };
		9658DE411CFBE3B2007CB1CF /* ServiceDataItemModule.m */ = {isa = PBXFileReference; fileEncoding = 4; lastKnownFileType = sourcecode.c.objc; name = ServiceDataItemModule.m; path = Servicelayer/DataItem/ServiceDataItemModule.m; sourceTree = "<group>"; };
		9658DE441CFBE928007CB1CF /* ServiceDataInterface.h */ = {isa = PBXFileReference; fileEncoding = 4; lastKnownFileType = sourcecode.c.h; name = ServiceDataInterface.h; path = Servicelayer/ServiceDataInterface/ServiceDataInterface.h; sourceTree = "<group>"; };
		9658DE451CFBE928007CB1CF /* ServiceDataInterface.m */ = {isa = PBXFileReference; fileEncoding = 4; lastKnownFileType = sourcecode.c.objc; name = ServiceDataInterface.m; path = Servicelayer/ServiceDataInterface/ServiceDataInterface.m; sourceTree = "<group>"; };
		9658DE471CFC0CA3007CB1CF /* ServiceUtil.h */ = {isa = PBXFileReference; fileEncoding = 4; lastKnownFileType = sourcecode.c.h; name = ServiceUtil.h; path = Servicelayer/ServiceUtil.h; sourceTree = "<group>"; };
		9658DE481CFC0CA3007CB1CF /* ServiceUtil.m */ = {isa = PBXFileReference; fileEncoding = 4; lastKnownFileType = sourcecode.c.objc; name = ServiceUtil.m; path = Servicelayer/ServiceUtil.m; sourceTree = "<group>"; };
		9658DE4A1CFD646A007CB1CF /* ServiceContext.h */ = {isa = PBXFileReference; fileEncoding = 4; lastKnownFileType = sourcecode.c.h; name = ServiceContext.h; path = Servicelayer/ServiceContext.h; sourceTree = "<group>"; };
		9658DE4B1CFD646A007CB1CF /* ServiceContext.m */ = {isa = PBXFileReference; fileEncoding = 4; lastKnownFileType = sourcecode.c.objc; name = ServiceContext.m; path = Servicelayer/ServiceContext.m; sourceTree = "<group>"; };
		9658DE4E1CFD7391007CB1CF /* SSKeychain.h */ = {isa = PBXFileReference; fileEncoding = 4; lastKnownFileType = sourcecode.c.h; name = SSKeychain.h; path = ThirtyParty/SSKeyChain/SSKeychain.h; sourceTree = "<group>"; };
		9658DE4F1CFD7391007CB1CF /* SSKeychain.m */ = {isa = PBXFileReference; fileEncoding = 4; lastKnownFileType = sourcecode.c.objc; name = SSKeychain.m; path = ThirtyParty/SSKeyChain/SSKeychain.m; sourceTree = "<group>"; };
		9658DE511CFD73CF007CB1CF /* TestViewController.h */ = {isa = PBXFileReference; fileEncoding = 4; lastKnownFileType = sourcecode.c.h; path = TestViewController.h; sourceTree = "<group>"; };
		9658DE521CFD73CF007CB1CF /* TestViewController.m */ = {isa = PBXFileReference; fileEncoding = 4; lastKnownFileType = sourcecode.c.objc; path = TestViewController.m; sourceTree = "<group>"; };
/* End PBXFileReference section */

/* Begin PBXFrameworksBuildPhase section */
		9658DDD21CF8199C007CB1CF /* Frameworks */ = {
			isa = PBXFrameworksBuildPhase;
			buildActionMask = 2147483647;
			files = (
			);
			runOnlyForDeploymentPostprocessing = 0;
		};
/* End PBXFrameworksBuildPhase section */

/* Begin PBXGroup section */
		960A60991CFED16200878204 /* LogManager */ = {
			isa = PBXGroup;
			children = (
				960A609A1CFED18100878204 /* VCLogManagement.h */,
				960A609B1CFED18100878204 /* VCLogManagement.m */,
			);
			name = LogManager;
			sourceTree = "<group>";
		};
		960A609F1CFEE53100878204 /* Source */ = {
			isa = PBXGroup;
			children = (
				960A60A01CFEE53A00878204 /* Configure */,
			);
			name = Source;
			sourceTree = "<group>";
		};
		960A60A01CFEE53A00878204 /* Configure */ = {
			isa = PBXGroup;
			children = (
				960A60A11CFEE55600878204 /* ServerConfig.plist */,
			);
			name = Configure;
			sourceTree = "<group>";
		};
		9658DDCC1CF8199C007CB1CF = {
			isa = PBXGroup;
			children = (
				9658DDD71CF8199D007CB1CF /* PrinceSon */,
				9658DDD61CF8199C007CB1CF /* Products */,
			);
			sourceTree = "<group>";
		};
		9658DDD61CF8199C007CB1CF /* Products */ = {
			isa = PBXGroup;
			children = (
				9658DDD51CF8199C007CB1CF /* PrinceSon.app */,
			);
			name = Products;
			sourceTree = "<group>";
		};
		9658DDD71CF8199D007CB1CF /* PrinceSon */ = {
			isa = PBXGroup;
			children = (
				9658DDDB1CF8199D007CB1CF /* AppDelegate.h */,
				9658DDDC1CF8199D007CB1CF /* AppDelegate.m */,
				9658DDDE1CF8199D007CB1CF /* ViewController.h */,
				9658DDDF1CF8199D007CB1CF /* ViewController.m */,
				9658DE511CFD73CF007CB1CF /* TestViewController.h */,
				9658DE521CFD73CF007CB1CF /* TestViewController.m */,
				960A609F1CFEE53100878204 /* Source */,
				9658DE191CF8481A007CB1CF /* ThirtyParty */,
				9658DDF11CF83C3A007CB1CF /* Utillayer */,
				9658DDF01CF83C2B007CB1CF /* Applicationlayer */,
				9658DDEF1CF83C1D007CB1CF /* Servicelayer */,
				9658DDE11CF8199E007CB1CF /* Main.storyboard */,
				9658DDE41CF8199E007CB1CF /* Assets.xcassets */,
				9658DDE61CF8199E007CB1CF /* LaunchScreen.storyboard */,
				960A609E1CFED2CC00878204 /* PrinceSon.pch */,
				9658DDE91CF8199E007CB1CF /* Info.plist */,
				9658DDD81CF8199D007CB1CF /* Supporting Files */,
			);
			path = PrinceSon;
			sourceTree = "<group>";
		};
		9658DDD81CF8199D007CB1CF /* Supporting Files */ = {
			isa = PBXGroup;
			children = (
				9658DDD91CF8199D007CB1CF /* main.m */,
			);
			name = "Supporting Files";
			sourceTree = "<group>";
		};
		9658DDEF1CF83C1D007CB1CF /* Servicelayer */ = {
			isa = PBXGroup;
			children = (
				9658DE431CFBE7BC007CB1CF /* ServiceDataInterface */,
				9658DE3F1CFBE36D007CB1CF /* DataItem */,
				9658DE381CFBE1F0007CB1CF /* ParseModule */,
				9658DE2E1CF84B7F007CB1CF /* DispatchManagerModule */,
				9658DDF61CF83DAF007CB1CF /* SocketModule */,
				9658DDF21CF83CAB007CB1CF /* Socket */,
				9658DE471CFC0CA3007CB1CF /* ServiceUtil.h */,
				9658DE481CFC0CA3007CB1CF /* ServiceUtil.m */,
				9658DE4A1CFD646A007CB1CF /* ServiceContext.h */,
				9658DE4B1CFD646A007CB1CF /* ServiceContext.m */,
			);
			name = Servicelayer;
			sourceTree = "<group>";
		};
		9658DDF01CF83C2B007CB1CF /* Applicationlayer */ = {
			isa = PBXGroup;
			children = (
			);
			name = Applicationlayer;
			sourceTree = "<group>";
		};
		9658DDF11CF83C3A007CB1CF /* Utillayer */ = {
			isa = PBXGroup;
			children = (
			);
			name = Utillayer;
			sourceTree = "<group>";
		};
		9658DDF21CF83CAB007CB1CF /* Socket */ = {
			isa = PBXGroup;
			children = (
				9658DE161CF8471A007CB1CF /* AsyncSocket.h */,
				9658DE171CF8471A007CB1CF /* AsyncSocket.m */,
			);
			name = Socket;
			sourceTree = "<group>";
		};
		9658DDF61CF83DAF007CB1CF /* SocketModule */ = {
			isa = PBXGroup;
			children = (
				9658DE2F1CF84BFA007CB1CF /* VCSocketManagerModule.h */,
				9658DE301CF84BFA007CB1CF /* VCSocketManagerModule.m */,
			);
			name = SocketModule;
			sourceTree = "<group>";
		};
		9658DE191CF8481A007CB1CF /* ThirtyParty */ = {
			isa = PBXGroup;
			children = (
				960A60991CFED16200878204 /* LogManager */,
				9658DE4D1CFD7358007CB1CF /* SSKeyChain */,
				9658DE1A1CF8482A007CB1CF /* AFNetWorking */,
			);
			name = ThirtyParty;
			sourceTree = "<group>";
		};
		9658DE1A1CF8482A007CB1CF /* AFNetWorking */ = {
			isa = PBXGroup;
			children = (
				9658DE1B1CF8483D007CB1CF /* AFHTTPSessionManager.h */,
				9658DE1C1CF8483D007CB1CF /* AFHTTPSessionManager.m */,
				9658DE1D1CF8483D007CB1CF /* AFNetworking.h */,
				9658DE1E1CF8483D007CB1CF /* AFNetworkReachabilityManager.h */,
				9658DE1F1CF8483D007CB1CF /* AFNetworkReachabilityManager.m */,
				9658DE201CF8483D007CB1CF /* AFSecurityPolicy.h */,
				9658DE211CF8483D007CB1CF /* AFSecurityPolicy.m */,
				9658DE221CF8483D007CB1CF /* AFURLRequestSerialization.h */,
				9658DE231CF8483D007CB1CF /* AFURLRequestSerialization.m */,
				9658DE241CF8483D007CB1CF /* AFURLResponseSerialization.h */,
				9658DE251CF8483D007CB1CF /* AFURLResponseSerialization.m */,
				9658DE261CF8483D007CB1CF /* AFURLSessionManager.h */,
				9658DE271CF8483D007CB1CF /* AFURLSessionManager.m */,
			);
			name = AFNetWorking;
			sourceTree = "<group>";
		};
		9658DE2E1CF84B7F007CB1CF /* DispatchManagerModule */ = {
			isa = PBXGroup;
			children = (
				9658DE321CF84CC5007CB1CF /* DispatchManagerModule.h */,
				9658DE331CF84CC5007CB1CF /* DispatchManagerModule.m */,
			);
			name = DispatchManagerModule;
			sourceTree = "<group>";
		};
		9658DE381CFBE1F0007CB1CF /* ParseModule */ = {
			isa = PBXGroup;
			children = (
				9658DE3C1CFBE300007CB1CF /* ServiceParserModule.h */,
				9658DE3D1CFBE300007CB1CF /* ServiceParserModule.m */,
			);
			name = ParseModule;
			sourceTree = "<group>";
		};
		9658DE3F1CFBE36D007CB1CF /* DataItem */ = {
			isa = PBXGroup;
			children = (
				9658DE401CFBE3B2007CB1CF /* ServiceDataItemModule.h */,
				9658DE411CFBE3B2007CB1CF /* ServiceDataItemModule.m */,
			);
			name = DataItem;
			sourceTree = "<group>";
		};
		9658DE431CFBE7BC007CB1CF /* ServiceDataInterface */ = {
			isa = PBXGroup;
			children = (
				9658DE441CFBE928007CB1CF /* ServiceDataInterface.h */,
				9658DE451CFBE928007CB1CF /* ServiceDataInterface.m */,
			);
			name = ServiceDataInterface;
			sourceTree = "<group>";
		};
		9658DE4D1CFD7358007CB1CF /* SSKeyChain */ = {
			isa = PBXGroup;
			children = (
				9658DE4E1CFD7391007CB1CF /* SSKeychain.h */,
				9658DE4F1CFD7391007CB1CF /* SSKeychain.m */,
			);
			name = SSKeyChain;
			sourceTree = "<group>";
		};
/* End PBXGroup section */

/* Begin PBXNativeTarget section */
		9658DDD41CF8199C007CB1CF /* PrinceSon */ = {
			isa = PBXNativeTarget;
			buildConfigurationList = 9658DDEC1CF8199E007CB1CF /* Build configuration list for PBXNativeTarget "PrinceSon" */;
			buildPhases = (
				9658DDD11CF8199C007CB1CF /* Sources */,
				9658DDD21CF8199C007CB1CF /* Frameworks */,
				9658DDD31CF8199C007CB1CF /* Resources */,
			);
			buildRules = (
			);
			dependencies = (
			);
			name = PrinceSon;
			productName = PrinceSon;
			productReference = 9658DDD51CF8199C007CB1CF /* PrinceSon.app */;
			productType = "com.apple.product-type.application";
		};
/* End PBXNativeTarget section */

/* Begin PBXProject section */
		9658DDCD1CF8199C007CB1CF /* Project object */ = {
			isa = PBXProject;
			attributes = {
				LastUpgradeCheck = 0730;
				ORGANIZATIONNAME = wangmingquan;
				TargetAttributes = {
					9658DDD41CF8199C007CB1CF = {
						CreatedOnToolsVersion = 7.3.1;
					};
				};
			};
			buildConfigurationList = 9658DDD01CF8199C007CB1CF /* Build configuration list for PBXProject "PrinceSon" */;
			compatibilityVersion = "Xcode 3.2";
			developmentRegion = English;
			hasScannedForEncodings = 0;
			knownRegions = (
				en,
				Base,
			);
			mainGroup = 9658DDCC1CF8199C007CB1CF;
			productRefGroup = 9658DDD61CF8199C007CB1CF /* Products */;
			projectDirPath = "";
			projectRoot = "";
			targets = (
				9658DDD41CF8199C007CB1CF /* PrinceSon */,
			);
		};
/* End PBXProject section */

/* Begin PBXResourcesBuildPhase section */
		9658DDD31CF8199C007CB1CF /* Resources */ = {
			isa = PBXResourcesBuildPhase;
			buildActionMask = 2147483647;
			files = (
				960A60A21CFEE55600878204 /* ServerConfig.plist in Resources */,
				9658DDE81CF8199E007CB1CF /* LaunchScreen.storyboard in Resources */,
				9658DDE51CF8199E007CB1CF /* Assets.xcassets in Resources */,
				9658DDE31CF8199E007CB1CF /* Main.storyboard in Resources */,
				9658DE091CF844BB007CB1CF /* (null) in Resources */,
			);
			runOnlyForDeploymentPostprocessing = 0;
		};
/* End PBXResourcesBuildPhase section */

/* Begin PBXSourcesBuildPhase section */
		9658DDD11CF8199C007CB1CF /* Sources */ = {
			isa = PBXSourcesBuildPhase;
			buildActionMask = 2147483647;
			files = (
				960A609C1CFED18100878204 /* VCLogManagement.m in Sources */,
				9658DE4C1CFD646A007CB1CF /* ServiceContext.m in Sources */,
				9658DE341CF84CC5007CB1CF /* DispatchManagerModule.m in Sources */,
				9658DDE01CF8199D007CB1CF /* ViewController.m in Sources */,
				9658DE2A1CF8483D007CB1CF /* AFSecurityPolicy.m in Sources */,
				9658DE3E1CFBE300007CB1CF /* ServiceParserModule.m in Sources */,
				9658DE501CFD7391007CB1CF /* SSKeychain.m in Sources */,
				9658DDDD1CF8199D007CB1CF /* AppDelegate.m in Sources */,
				9658DE2C1CF8483D007CB1CF /* AFURLResponseSerialization.m in Sources */,
				9658DE311CF84BFA007CB1CF /* VCSocketManagerModule.m in Sources */,
				9658DE491CFC0CA3007CB1CF /* ServiceUtil.m in Sources */,
				9658DE181CF8471A007CB1CF /* AsyncSocket.m in Sources */,
				9658DE531CFD73CF007CB1CF /* TestViewController.m in Sources */,
				9658DE421CFBE3B2007CB1CF /* ServiceDataItemModule.m in Sources */,
				9658DDDA1CF8199D007CB1CF /* main.m in Sources */,
				9658DE281CF8483D007CB1CF /* AFHTTPSessionManager.m in Sources */,
				9658DE2B1CF8483D007CB1CF /* AFURLRequestSerialization.m in Sources */,
				9658DE2D1CF8483D007CB1CF /* AFURLSessionManager.m in Sources */,
				9658DE291CF8483D007CB1CF /* AFNetworkReachabilityManager.m in Sources */,
				9658DE461CFBE928007CB1CF /* ServiceDataInterface.m in Sources */,
			);
			runOnlyForDeploymentPostprocessing = 0;
		};
/* End PBXSourcesBuildPhase section */

/* Begin PBXVariantGroup section */
		9658DDE11CF8199E007CB1CF /* Main.storyboard */ = {
			isa = PBXVariantGroup;
			children = (
				9658DDE21CF8199E007CB1CF /* Base */,
			);
			name = Main.storyboard;
			sourceTree = "<group>";
		};
		9658DDE61CF8199E007CB1CF /* LaunchScreen.storyboard */ = {
			isa = PBXVariantGroup;
			children = (
				9658DDE71CF8199E007CB1CF /* Base */,
			);
			name = LaunchScreen.storyboard;
			sourceTree = "<group>";
		};
/* End PBXVariantGroup section */

/* Begin XCBuildConfiguration section */
		9658DDEA1CF8199E007CB1CF /* Debug */ = {
			isa = XCBuildConfiguration;
			buildSettings = {
				ALWAYS_SEARCH_USER_PATHS = NO;
				CLANG_ANALYZER_NONNULL = YES;
				CLANG_CXX_LANGUAGE_STANDARD = "gnu++0x";
				CLANG_CXX_LIBRARY = "libc++";
				CLANG_ENABLE_MODULES = YES;
				CLANG_ENABLE_OBJC_ARC = YES;
				CLANG_WARN_BOOL_CONVERSION = YES;
				CLANG_WARN_CONSTANT_CONVERSION = YES;
				CLANG_WARN_DIRECT_OBJC_ISA_USAGE = YES_ERROR;
				CLANG_WARN_EMPTY_BODY = YES;
				CLANG_WARN_ENUM_CONVERSION = YES;
				CLANG_WARN_INT_CONVERSION = YES;
				CLANG_WARN_OBJC_ROOT_CLASS = YES_ERROR;
				CLANG_WARN_UNREACHABLE_CODE = YES;
				CLANG_WARN__DUPLICATE_METHOD_MATCH = YES;
				"CODE_SIGN_IDENTITY[sdk=iphoneos*]" = "iPhone Developer";
				COPY_PHASE_STRIP = NO;
				DEBUG_INFORMATION_FORMAT = dwarf;
				ENABLE_STRICT_OBJC_MSGSEND = YES;
				ENABLE_TESTABILITY = YES;
				GCC_C_LANGUAGE_STANDARD = gnu99;
				GCC_DYNAMIC_NO_PIC = NO;
				GCC_NO_COMMON_BLOCKS = YES;
				GCC_OPTIMIZATION_LEVEL = 0;
				GCC_PREPROCESSOR_DEFINITIONS = (
					"DEBUG=1",
					"$(inherited)",
				);
				GCC_WARN_64_TO_32_BIT_CONVERSION = YES;
				GCC_WARN_ABOUT_RETURN_TYPE = YES_ERROR;
				GCC_WARN_UNDECLARED_SELECTOR = YES;
				GCC_WARN_UNINITIALIZED_AUTOS = YES_AGGRESSIVE;
				GCC_WARN_UNUSED_FUNCTION = YES;
				GCC_WARN_UNUSED_VARIABLE = YES;
				IPHONEOS_DEPLOYMENT_TARGET = 9.3;
				MTL_ENABLE_DEBUG_INFO = YES;
				ONLY_ACTIVE_ARCH = YES;
				SDKROOT = iphoneos;
			};
			name = Debug;
		};
		9658DDEB1CF8199E007CB1CF /* Release */ = {
			isa = XCBuildConfiguration;
			buildSettings = {
				ALWAYS_SEARCH_USER_PATHS = NO;
				CLANG_ANALYZER_NONNULL = YES;
				CLANG_CXX_LANGUAGE_STANDARD = "gnu++0x";
				CLANG_CXX_LIBRARY = "libc++";
				CLANG_ENABLE_MODULES = YES;
				CLANG_ENABLE_OBJC_ARC = YES;
				CLANG_WARN_BOOL_CONVERSION = YES;
				CLANG_WARN_CONSTANT_CONVERSION = YES;
				CLANG_WARN_DIRECT_OBJC_ISA_USAGE = YES_ERROR;
				CLANG_WARN_EMPTY_BODY = YES;
				CLANG_WARN_ENUM_CONVERSION = YES;
				CLANG_WARN_INT_CONVERSION = YES;
				CLANG_WARN_OBJC_ROOT_CLASS = YES_ERROR;
				CLANG_WARN_UNREACHABLE_CODE = YES;
				CLANG_WARN__DUPLICATE_METHOD_MATCH = YES;
				"CODE_SIGN_IDENTITY[sdk=iphoneos*]" = "iPhone Developer";
				COPY_PHASE_STRIP = NO;
				DEBUG_INFORMATION_FORMAT = "dwarf-with-dsym";
				ENABLE_NS_ASSERTIONS = NO;
				ENABLE_STRICT_OBJC_MSGSEND = YES;
				GCC_C_LANGUAGE_STANDARD = gnu99;
				GCC_NO_COMMON_BLOCKS = YES;
				GCC_WARN_64_TO_32_BIT_CONVERSION = YES;
				GCC_WARN_ABOUT_RETURN_TYPE = YES_ERROR;
				GCC_WARN_UNDECLARED_SELECTOR = YES;
				GCC_WARN_UNINITIALIZED_AUTOS = YES_AGGRESSIVE;
				GCC_WARN_UNUSED_FUNCTION = YES;
				GCC_WARN_UNUSED_VARIABLE = YES;
				IPHONEOS_DEPLOYMENT_TARGET = 9.3;
				MTL_ENABLE_DEBUG_INFO = NO;
				SDKROOT = iphoneos;
				VALIDATE_PRODUCT = YES;
			};
			name = Release;
		};
		9658DDED1CF8199E007CB1CF /* Debug */ = {
			isa = XCBuildConfiguration;
			buildSettings = {
				ASSETCATALOG_COMPILER_APPICON_NAME = AppIcon;
				CODE_SIGN_IDENTITY = "iPhone Developer: lancer li (8DTN29Q5Q6)";
				"CODE_SIGN_IDENTITY[sdk=iphoneos*]" = "iPhone Developer: lancer li (8DTN29Q5Q6)";
				GCC_PREFIX_HEADER = PrinceSon/PrinceSon.pch;
				INFOPLIST_FILE = PrinceSon/Info.plist;
				IPHONEOS_DEPLOYMENT_TARGET = 9.0;
				LD_RUNPATH_SEARCH_PATHS = "$(inherited) @executable_path/Frameworks";
				PRODUCT_BUNDLE_IDENTIFIER = com.gw.princeson;
				PRODUCT_NAME = "$(TARGET_NAME)";
				PROVISIONING_PROFILE = "076eba3e-4f4d-468b-a1bb-ac57c427c434";
			};
			name = Debug;
		};
		9658DDEE1CF8199E007CB1CF /* Release */ = {
			isa = XCBuildConfiguration;
			buildSettings = {
				ASSETCATALOG_COMPILER_APPICON_NAME = AppIcon;
				GCC_PREFIX_HEADER = PrinceSon/PrinceSon.pch;
				INFOPLIST_FILE = PrinceSon/Info.plist;
				IPHONEOS_DEPLOYMENT_TARGET = 9.0;
				LD_RUNPATH_SEARCH_PATHS = "$(inherited) @executable_path/Frameworks";
				PRODUCT_BUNDLE_IDENTIFIER = com.gw.princeson;
				PRODUCT_NAME = "$(TARGET_NAME)";
				PROVISIONING_PROFILE = "076eba3e-4f4d-468b-a1bb-ac57c427c434";
			};
			name = Release;
		};
/* End XCBuildConfiguration section */

/* Begin XCConfigurationList section */
		9658DDD01CF8199C007CB1CF /* Build configuration list for PBXProject "PrinceSon" */ = {
			isa = XCConfigurationList;
			buildConfigurations = (
				9658DDEA1CF8199E007CB1CF /* Debug */,
				9658DDEB1CF8199E007CB1CF /* Release */,
			);
			defaultConfigurationIsVisible = 0;
			defaultConfigurationName = Release;
		};
		9658DDEC1CF8199E007CB1CF /* Build configuration list for PBXNativeTarget "PrinceSon" */ = {
			isa = XCConfigurationList;
			buildConfigurations = (
				9658DDED1CF8199E007CB1CF /* Debug */,
				9658DDEE1CF8199E007CB1CF /* Release */,
			);
			defaultConfigurationIsVisible = 0;
			defaultConfigurationName = Release;
		};
/* End XCConfigurationList section */
	};
	rootObject = 9658DDCD1CF8199C007CB1CF /* Project object */;
}
